
Microsoft Visual Studio Solution File, Format Version 12.00
# Visual Studio Version 17
VisualStudioVersion = 17.0.31903.59
MinimumVisualStudioVersion = 10.0.40219.1
Project("{2150E333-8FDC-42A3-9474-1A3956D46DE8}") = "Lista 1", "Lista 1", "{8BD4C64A-FAD8-4B72-9FC5-7EFE97CDAC23}"
EndProject
Project("{FAE04EC0-301F-11D3-BF4B-00C04F79EFBC}") = "27", "Lista 1\27\27.csproj", "{7323D8BC-1751-4092-8A07-362246DFF89E}"
EndProject
Project("{FAE04EC0-301F-11D3-BF4B-00C04F79EFBC}") = "28", "Lista 1\28\28.csproj", "{85FCFD6D-9B5D-4A98-9F51-4962600C8602}"
EndProject
Global
	GlobalSection(SolutionConfigurationPlatforms) = preSolution
		Debug|Any CPU = Debug|Any CPU
		Debug|x64 = Debug|x64
		Debug|x86 = Debug|x86
		Release|Any CPU = Release|Any CPU
		Release|x64 = Release|x64
		Release|x86 = Release|x86
	EndGlobalSection
	GlobalSection(ProjectConfigurationPlatforms) = postSolution
		{7323D8BC-1751-4092-8A07-362246DFF89E}.Debug|Any CPU.ActiveCfg = Debug|Any CPU
		{7323D8BC-1751-4092-8A07-362246DFF89E}.Debug|Any CPU.Build.0 = Debug|Any CPU
		{7323D8BC-1751-4092-8A07-362246DFF89E}.Debug|x64.ActiveCfg = Debug|Any CPU
		{7323D8BC-1751-4092-8A07-362246DFF89E}.Debug|x64.Build.0 = Debug|Any CPU
		{7323D8BC-1751-4092-8A07-362246DFF89E}.Debug|x86.ActiveCfg = Debug|Any CPU
		{7323D8BC-1751-4092-8A07-362246DFF89E}.Debug|x86.Build.0 = Debug|Any CPU
		{7323D8BC-1751-4092-8A07-362246DFF89E}.Release|Any CPU.ActiveCfg = Release|Any CPU
		{7323D8BC-1751-4092-8A07-362246DFF89E}.Release|Any CPU.Build.0 = Release|Any CPU
		{7323D8BC-1751-4092-8A07-362246DFF89E}.Release|x64.ActiveCfg = Release|Any CPU
		{7323D8BC-1751-4092-8A07-362246DFF89E}.Release|x64.Build.0 = Release|Any CPU
		{7323D8BC-1751-4092-8A07-362246DFF89E}.Release|x86.ActiveCfg = Release|Any CPU
		{7323D8BC-1751-4092-8A07-362246DFF89E}.Release|x86.Build.0 = Release|Any CPU
		{85FCFD6D-9B5D-4A98-9F51-4962600C8602}.Debug|Any CPU.ActiveCfg = Debug|Any CPU
		{85FCFD6D-9B5D-4A98-9F51-4962600C8602}.Debug|Any CPU.Build.0 = Debug|Any CPU
		{85FCFD6D-9B5D-4A98-9F51-4962600C8602}.Debug|x64.ActiveCfg = Debug|Any CPU
		{85FCFD6D-9B5D-4A98-9F51-4962600C8602}.Debug|x64.Build.0 = Debug|Any CPU
		{85FCFD6D-9B5D-4A98-9F51-4962600C8602}.Debug|x86.ActiveCfg = Debug|Any CPU
		{85FCFD6D-9B5D-4A98-9F51-4962600C8602}.Debug|x86.Build.0 = Debug|Any CPU
		{85FCFD6D-9B5D-4A98-9F51-4962600C8602}.Release|Any CPU.ActiveCfg = Release|Any CPU
		{85FCFD6D-9B5D-4A98-9F51-4962600C8602}.Release|Any CPU.Build.0 = Release|Any CPU
		{85FCFD6D-9B5D-4A98-9F51-4962600C8602}.Release|x64.ActiveCfg = Release|Any CPU
		{85FCFD6D-9B5D-4A98-9F51-4962600C8602}.Release|x64.Build.0 = Release|Any CPU
		{85FCFD6D-9B5D-4A98-9F51-4962600C8602}.Release|x86.ActiveCfg = Release|Any CPU
		{85FCFD6D-9B5D-4A98-9F51-4962600C8602}.Release|x86.Build.0 = Release|Any CPU
	EndGlobalSection
	GlobalSection(SolutionProperties) = preSolution
		HideSolutionNode = FALSE
	EndGlobalSection
	GlobalSection(NestedProjects) = preSolution
		{7323D8BC-1751-4092-8A07-362246DFF89E} = {8BD4C64A-FAD8-4B72-9FC5-7EFE97CDAC23}
		{85FCFD6D-9B5D-4A98-9F51-4962600C8602} = {8BD4C64A-FAD8-4B72-9FC5-7EFE97CDAC23}
	EndGlobalSection
EndGlobal
