Microsoft Visual Studio Solution File, Format Version 12.00
# Visual Studio Version 17
VisualStudioVersion = 17.5.2.0
MinimumVisualStudioVersion = 10.0.40219.1
Project("{2150E333-8FDC-42A3-9474-1A3956D46DE8}") = "Lista 1", "Lista 1", "{8BD4C64A-FAD8-4B72-9FC5-7EFE97CDAC23}"
EndProject
Project("{FAE04EC0-301F-11D3-BF4B-00C04F79EFBC}") = "27", "Lista 1\27\27.csproj", "{3534A222-439D-BE9D-D7F5-C5B7B7EA0925}"
EndProject
Project("{FAE04EC0-301F-11D3-BF4B-00C04F79EFBC}") = "28", "Lista 1\28\28.csproj", "{ADBDFA19-CF88-61D5-CE65-F46ABB31FA36}"
EndProject
Project("{FAE04EC0-301F-11D3-BF4B-00C04F79EFBC}") = "29", "Lista 1\29\29.csproj", "{1111A87B-55C2-1B43-0A90-6728B5146E68}"
EndProject
Global
	GlobalSection(SolutionConfigurationPlatforms) = preSolution
		Debug|Any CPU = Debug|Any CPU
		Release|Any CPU = Release|Any CPU
	EndGlobalSection
	GlobalSection(ProjectConfigurationPlatforms) = postSolution
		{3534A222-439D-BE9D-D7F5-C5B7B7EA0925}.Debug|Any CPU.ActiveCfg = Debug|Any CPU
		{3534A222-439D-BE9D-D7F5-C5B7B7EA0925}.Debug|Any CPU.Build.0 = Debug|Any CPU
		{3534A222-439D-BE9D-D7F5-C5B7B7EA0925}.Release|Any CPU.ActiveCfg = Release|Any CPU
		{3534A222-439D-BE9D-D7F5-C5B7B7EA0925}.Release|Any CPU.Build.0 = Release|Any CPU
		{ADBDFA19-CF88-61D5-CE65-F46ABB31FA36}.Debug|Any CPU.ActiveCfg = Debug|Any CPU
		{ADBDFA19-CF88-61D5-CE65-F46ABB31FA36}.Debug|Any CPU.Build.0 = Debug|Any CPU
		{ADBDFA19-CF88-61D5-CE65-F46ABB31FA36}.Release|Any CPU.ActiveCfg = Release|Any CPU
		{ADBDFA19-CF88-61D5-CE65-F46ABB31FA36}.Release|Any CPU.Build.0 = Release|Any CPU
		{1111A87B-55C2-1B43-0A90-6728B5146E68}.Debug|Any CPU.ActiveCfg = Debug|Any CPU
		{1111A87B-55C2-1B43-0A90-6728B5146E68}.Debug|Any CPU.Build.0 = Debug|Any CPU
		{1111A87B-55C2-1B43-0A90-6728B5146E68}.Release|Any CPU.ActiveCfg = Release|Any CPU
		{1111A87B-55C2-1B43-0A90-6728B5146E68}.Release|Any CPU.Build.0 = Release|Any CPU
	EndGlobalSection
	GlobalSection(SolutionProperties) = preSolution
		HideSolutionNode = FALSE
	EndGlobalSection
	GlobalSection(NestedProjects) = preSolution
		{3534A222-439D-BE9D-D7F5-C5B7B7EA0925} = {8BD4C64A-FAD8-4B72-9FC5-7EFE97CDAC23}
		{ADBDFA19-CF88-61D5-CE65-F46ABB31FA36} = {8BD4C64A-FAD8-4B72-9FC5-7EFE97CDAC23}
		{1111A87B-55C2-1B43-0A90-6728B5146E68} = {8BD4C64A-FAD8-4B72-9FC5-7EFE97CDAC23}
	EndGlobalSection
	GlobalSection(ExtensibilityGlobals) = postSolution
		SolutionGuid = {1BE6E9B4-6B39-4DC9-8786-D9B68127DC26}
	EndGlobalSection
EndGlobal
